
Microsoft Visual Studio Solution File, Format Version 12.00
# Visual Studio Version 17
VisualStudioVersion = 17.14.36408.4
MinimumVisualStudioVersion = 10.0.40219.1
Project("{FAE04EC0-301F-11D3-BF4B-00C04F79EFBC}") = "Bookify.Domain", "Bookify.Domain\Bookify.Domain.csproj", "{BBDBC5B4-48C6-4C1F-A92F-7659ECFF256A}"
EndProject
Project("{FAE04EC0-301F-11D3-BF4B-00C04F79EFBC}") = "Bookify.Application", "Bookify.Application\Bookify.Application.csproj", "{0B165303-FF13-4064-9917-5D9FA622201A}"
EndProject
Project("{FAE04EC0-301F-11D3-BF4B-00C04F79EFBC}") = "Bookify.Infrastructure", "Bookify.Infrastructure\Bookify.Infrastructure.csproj", "{7C5CB813-6B28-4630-80D6-F2EA01ADA206}"
EndProject
Project("{FAE04EC0-301F-11D3-BF4B-00C04F79EFBC}") = "Bookify.Api", "Bookify.Api\Bookify.Api.csproj", "{CC58D896-016A-42A6-8FAB-E54513C85438}"
EndProject
Project("{E53339B2-1760-4266-BCC7-CA923CBCF16C}") = "docker-compose", "docker-compose.dcproj", "{81DDED9D-158B-E303-5F62-77A2896D2A5A}"
EndProject
Global
	GlobalSection(SolutionConfigurationPlatforms) = preSolution
		Debug|Any CPU = Debug|Any CPU
		Release|Any CPU = Release|Any CPU
	EndGlobalSection
	GlobalSection(ProjectConfigurationPlatforms) = postSolution
		{BBDBC5B4-48C6-4C1F-A92F-7659ECFF256A}.Debug|Any CPU.ActiveCfg = Debug|Any CPU
		{BBDBC5B4-48C6-4C1F-A92F-7659ECFF256A}.Debug|Any CPU.Build.0 = Debug|Any CPU
		{BBDBC5B4-48C6-4C1F-A92F-7659ECFF256A}.Release|Any CPU.ActiveCfg = Release|Any CPU
		{BBDBC5B4-48C6-4C1F-A92F-7659ECFF256A}.Release|Any CPU.Build.0 = Release|Any CPU
		{0B165303-FF13-4064-9917-5D9FA622201A}.Debug|Any CPU.ActiveCfg = Debug|Any CPU
		{0B165303-FF13-4064-9917-5D9FA622201A}.Debug|Any CPU.Build.0 = Debug|Any CPU
		{0B165303-FF13-4064-9917-5D9FA622201A}.Release|Any CPU.ActiveCfg = Release|Any CPU
		{0B165303-FF13-4064-9917-5D9FA622201A}.Release|Any CPU.Build.0 = Release|Any CPU
		{7C5CB813-6B28-4630-80D6-F2EA01ADA206}.Debug|Any CPU.ActiveCfg = Debug|Any CPU
		{7C5CB813-6B28-4630-80D6-F2EA01ADA206}.Debug|Any CPU.Build.0 = Debug|Any CPU
		{7C5CB813-6B28-4630-80D6-F2EA01ADA206}.Release|Any CPU.ActiveCfg = Release|Any CPU
		{7C5CB813-6B28-4630-80D6-F2EA01ADA206}.Release|Any CPU.Build.0 = Release|Any CPU
		{CC58D896-016A-42A6-8FAB-E54513C85438}.Debug|Any CPU.ActiveCfg = Debug|Any CPU
		{CC58D896-016A-42A6-8FAB-E54513C85438}.Debug|Any CPU.Build.0 = Debug|Any CPU
		{CC58D896-016A-42A6-8FAB-E54513C85438}.Release|Any CPU.ActiveCfg = Release|Any CPU
		{CC58D896-016A-42A6-8FAB-E54513C85438}.Release|Any CPU.Build.0 = Release|Any CPU
		{81DDED9D-158B-E303-5F62-77A2896D2A5A}.Debug|Any CPU.ActiveCfg = Debug|Any CPU
		{81DDED9D-158B-E303-5F62-77A2896D2A5A}.Debug|Any CPU.Build.0 = Debug|Any CPU
		{81DDED9D-158B-E303-5F62-77A2896D2A5A}.Release|Any CPU.ActiveCfg = Release|Any CPU
		{81DDED9D-158B-E303-5F62-77A2896D2A5A}.Release|Any CPU.Build.0 = Release|Any CPU
	EndGlobalSection
	GlobalSection(SolutionProperties) = preSolution
		HideSolutionNode = FALSE
	EndGlobalSection
	GlobalSection(ExtensibilityGlobals) = postSolution
		SolutionGuid = {741CB922-E2D3-4251-980A-20E6DD77CBA2}
	EndGlobalSection
EndGlobal
